
Microsoft Visual Studio Solution File, Format Version 12.00
# Visual Studio Version 17
VisualStudioVersion = 17.4.33122.133
MinimumVisualStudioVersion = 10.0.40219.1
Project("{FAE04EC0-301F-11D3-BF4B-00C04F79EFBC}") = "N7CodeFirst", "N7CodeFirst.csproj", "{5FBC98FA-3918-45E8-91AC-3E21815D2898}"
EndProject
Global
	GlobalSection(SolutionConfigurationPlatforms) = preSolution
		Debug|Any CPU = Debug|Any CPU
		Release|Any CPU = Release|Any CPU
	EndGlobalSection
	GlobalSection(ProjectConfigurationPlatforms) = postSolution
		{5FBC98FA-3918-45E8-91AC-3E21815D2898}.Debug|Any CPU.ActiveCfg = Debug|Any CPU
		{5FBC98FA-3918-45E8-91AC-3E21815D2898}.Debug|Any CPU.Build.0 = Debug|Any CPU
		{5FBC98FA-3918-45E8-91AC-3E21815D2898}.Release|Any CPU.ActiveCfg = Release|Any CPU
		{5FBC98FA-3918-45E8-91AC-3E21815D2898}.Release|Any CPU.Build.0 = Release|Any CPU
	EndGlobalSection
	GlobalSection(SolutionProperties) = preSolution
		HideSolutionNode = FALSE
	EndGlobalSection
	GlobalSection(ExtensibilityGlobals) = postSolution
		SolutionGuid = {F44A444C-47EB-46E0-B60B-1713C95ACDBA}
	EndGlobalSection
EndGlobal
